// !$*UTF8*$!
{
	archiveVersion = 1;
	classes = {
	};
	objectVersion = 55;
	objects = {

/* Begin PBXBuildFile section */
		092CAEF127281F090031031F /* AppDelegate.swift in Sources */ = {isa = PBXBuildFile; fileRef = 092CAEF027281F090031031F /* AppDelegate.swift */; };
		092CAEF327281F090031031F /* SceneDelegate.swift in Sources */ = {isa = PBXBuildFile; fileRef = 092CAEF227281F090031031F /* SceneDelegate.swift */; };
		092CAEF827281F090031031F /* Main.storyboard in Resources */ = {isa = PBXBuildFile; fileRef = 092CAEF627281F090031031F /* Main.storyboard */; };
		092CAEFA27281F0B0031031F /* Assets.xcassets in Resources */ = {isa = PBXBuildFile; fileRef = 092CAEF927281F0B0031031F /* Assets.xcassets */; };
		092CAEFD27281F0B0031031F /* LaunchScreen.storyboard in Resources */ = {isa = PBXBuildFile; fileRef = 092CAEFB27281F0B0031031F /* LaunchScreen.storyboard */; };
		092CAF0527281FEF0031031F /* AdditionViewController.swift in Sources */ = {isa = PBXBuildFile; fileRef = 092CAF0427281FEF0031031F /* AdditionViewController.swift */; };
		092CAF072728200B0031031F /* SubtractionViewController.swift in Sources */ = {isa = PBXBuildFile; fileRef = 092CAF062728200B0031031F /* SubtractionViewController.swift */; };
/* End PBXBuildFile section */

/* Begin PBXFileReference section */
		092CAEED27281F090031031F /* yutaro81Kadai7.app */ = {isa = PBXFileReference; explicitFileType = wrapper.application; includeInIndex = 0; path = yutaro81Kadai7.app; sourceTree = BUILT_PRODUCTS_DIR; };
		092CAEF027281F090031031F /* AppDelegate.swift */ = {isa = PBXFileReference; lastKnownFileType = sourcecode.swift; path = AppDelegate.swift; sourceTree = "<group>"; };
		092CAEF227281F090031031F /* SceneDelegate.swift */ = {isa = PBXFileReference; lastKnownFileType = sourcecode.swift; path = SceneDelegate.swift; sourceTree = "<group>"; };
		092CAEF727281F090031031F /* Base */ = {isa = PBXFileReference; lastKnownFileType = file.storyboard; name = Base; path = Base.lproj/Main.storyboard; sourceTree = "<group>"; };
		092CAEF927281F0B0031031F /* Assets.xcassets */ = {isa = PBXFileReference; lastKnownFileType = folder.assetcatalog; path = Assets.xcassets; sourceTree = "<group>"; };
		092CAEFC27281F0B0031031F /* Base */ = {isa = PBXFileReference; lastKnownFileType = file.storyboard; name = Base; path = Base.lproj/LaunchScreen.storyboard; sourceTree = "<group>"; };
		092CAEFE27281F0B0031031F /* Info.plist */ = {isa = PBXFileReference; lastKnownFileType = text.plist.xml; path = Info.plist; sourceTree = "<group>"; };
		092CAF0427281FEF0031031F /* AdditionViewController.swift */ = {isa = PBXFileReference; lastKnownFileType = sourcecode.swift; path = AdditionViewController.swift; sourceTree = "<group>"; };
		092CAF062728200B0031031F /* SubtractionViewController.swift */ = {isa = PBXFileReference; lastKnownFileType = sourcecode.swift; path = SubtractionViewController.swift; sourceTree = "<group>"; };
/* End PBXFileReference section */

/* Begin PBXFrameworksBuildPhase section */
		092CAEEA27281F090031031F /* Frameworks */ = {
			isa = PBXFrameworksBuildPhase;
			buildActionMask = 2147483647;
			files = (
			);
			runOnlyForDeploymentPostprocessing = 0;
		};
/* End PBXFrameworksBuildPhase section */

/* Begin PBXGroup section */
		092CAEE427281F090031031F = {
			isa = PBXGroup;
			children = (
				092CAEEF27281F090031031F /* yutaro81Kadai7 */,
				092CAEEE27281F090031031F /* Products */,
			);
			sourceTree = "<group>";
		};
		092CAEEE27281F090031031F /* Products */ = {
			isa = PBXGroup;
			children = (
				092CAEED27281F090031031F /* yutaro81Kadai7.app */,
			);
			name = Products;
			sourceTree = "<group>";
		};
		092CAEEF27281F090031031F /* yutaro81Kadai7 */ = {
			isa = PBXGroup;
			children = (
				092CAEF027281F090031031F /* AppDelegate.swift */,
				092CAEF227281F090031031F /* SceneDelegate.swift */,
				092CAEF627281F090031031F /* Main.storyboard */,
				092CAF0427281FEF0031031F /* AdditionViewController.swift */,
				092CAF062728200B0031031F /* SubtractionViewController.swift */,
				092CAEF927281F0B0031031F /* Assets.xcassets */,
				092CAEFB27281F0B0031031F /* LaunchScreen.storyboard */,
				092CAEFE27281F0B0031031F /* Info.plist */,
			);
			path = yutaro81Kadai7;
			sourceTree = "<group>";
		};
/* End PBXGroup section */

/* Begin PBXNativeTarget section */
		092CAEEC27281F090031031F /* yutaro81Kadai7 */ = {
			isa = PBXNativeTarget;
			buildConfigurationList = 092CAF0127281F0B0031031F /* Build configuration list for PBXNativeTarget "yutaro81Kadai7" */;
			buildPhases = (
				092CAEE927281F090031031F /* Sources */,
				092CAEEA27281F090031031F /* Frameworks */,
				092CAEEB27281F090031031F /* Resources */,
				09E2F45F2728D86C00AEA8C0 /* ShellScript */,
			);
			buildRules = (
			);
			dependencies = (
			);
			name = yutaro81Kadai7;
			productName = yutaro81Kadai7;
			productReference = 092CAEED27281F090031031F /* yutaro81Kadai7.app */;
			productType = "com.apple.product-type.application";
		};
/* End PBXNativeTarget section */

/* Begin PBXProject section */
		092CAEE527281F090031031F /* Project object */ = {
			isa = PBXProject;
			attributes = {
				BuildIndependentTargetsInParallel = 1;
				LastSwiftUpdateCheck = 1300;
				LastUpgradeCheck = 1300;
				TargetAttributes = {
					092CAEEC27281F090031031F = {
						CreatedOnToolsVersion = 13.0;
					};
				};
			};
			buildConfigurationList = 092CAEE827281F090031031F /* Build configuration list for PBXProject "yutaro81Kadai7" */;
			compatibilityVersion = "Xcode 13.0";
			developmentRegion = en;
			hasScannedForEncodings = 0;
			knownRegions = (
				en,
				Base,
			);
			mainGroup = 092CAEE427281F090031031F;
			productRefGroup = 092CAEEE27281F090031031F /* Products */;
			projectDirPath = "";
			projectRoot = "";
			targets = (
				092CAEEC27281F090031031F /* yutaro81Kadai7 */,
			);
		};
/* End PBXProject section */

/* Begin PBXResourcesBuildPhase section */
		092CAEEB27281F090031031F /* Resources */ = {
			isa = PBXResourcesBuildPhase;
			buildActionMask = 2147483647;
			files = (
				092CAEFD27281F0B0031031F /* LaunchScreen.storyboard in Resources */,
				092CAEFA27281F0B0031031F /* Assets.xcassets in Resources */,
				092CAEF827281F090031031F /* Main.storyboard in Resources */,
			);
			runOnlyForDeploymentPostprocessing = 0;
		};
/* End PBXResourcesBuildPhase section */

/* Begin PBXShellScriptBuildPhase section */
		09E2F45F2728D86C00AEA8C0 /* ShellScript */ = {
			isa = PBXShellScriptBuildPhase;
			buildActionMask = 2147483647;
			files = (
			);
			inputFileListPaths = (
			);
			inputPaths = (
			);
			outputFileListPaths = (
			);
			outputPaths = (
			);
			runOnlyForDeploymentPostprocessing = 0;
			shellPath = /bin/sh;
			shellScript = "if which swiftlint >/dev/null; then\n  swiftlint\nelse\n  echo \"warning: SwiftLint not installed, download from https://github.com/realm/SwiftLint\"\nfi\n";
		};
/* End PBXShellScriptBuildPhase section */

/* Begin PBXSourcesBuildPhase section */
		092CAEE927281F090031031F /* Sources */ = {
			isa = PBXSourcesBuildPhase;
			buildActionMask = 2147483647;
			files = (
				092CAF0527281FEF0031031F /* AdditionViewController.swift in Sources */,
				092CAEF127281F090031031F /* AppDelegate.swift in Sources */,
				092CAEF327281F090031031F /* SceneDelegate.swift in Sources */,
				092CAF072728200B0031031F /* SubtractionViewController.swift in Sources */,
			);
			runOnlyForDeploymentPostprocessing = 0;
		};
/* End PBXSourcesBuildPhase section */

/* Begin PBXVariantGroup section */
		092CAEF627281F090031031F /* Main.storyboard */ = {
			isa = PBXVariantGroup;
			children = (
				092CAEF727281F090031031F /* Base */,
			);
			name = Main.storyboard;
			sourceTree = "<group>";
		};
		092CAEFB27281F0B0031031F /* LaunchScreen.storyboard */ = {
			isa = PBXVariantGroup;
			children = (
				092CAEFC27281F0B0031031F /* Base */,
			);
			name = LaunchScreen.storyboard;
			sourceTree = "<group>";
		};
/* End PBXVariantGroup section */

/* Begin XCBuildConfiguration section */
		092CAEFF27281F0B0031031F /* Debug */ = {
			isa = XCBuildConfiguration;
			buildSettings = {
				ALWAYS_SEARCH_USER_PATHS = NO;
				CLANG_ANALYZER_NONNULL = YES;
				CLANG_ANALYZER_NUMBER_OBJECT_CONVERSION = YES_AGGRESSIVE;
				CLANG_CXX_LANGUAGE_STANDARD = "gnu++17";
				CLANG_CXX_LIBRARY = "libc++";
				CLANG_ENABLE_MODULES = YES;
				CLANG_ENABLE_OBJC_ARC = YES;
				CLANG_ENABLE_OBJC_WEAK = YES;
				CLANG_WARN_BLOCK_CAPTURE_AUTORELEASING = YES;
				CLANG_WARN_BOOL_CONVERSION = YES;
				CLANG_WARN_COMMA = YES;
				CLANG_WARN_CONSTANT_CONVERSION = YES;
				CLANG_WARN_DEPRECATED_OBJC_IMPLEMENTATIONS = YES;
				CLANG_WARN_DIRECT_OBJC_ISA_USAGE = YES_ERROR;
				CLANG_WARN_DOCUMENTATION_COMMENTS = YES;
				CLANG_WARN_EMPTY_BODY = YES;
				CLANG_WARN_ENUM_CONVERSION = YES;
				CLANG_WARN_INFINITE_RECURSION = YES;
				CLANG_WARN_INT_CONVERSION = YES;
				CLANG_WARN_NON_LITERAL_NULL_CONVERSION = YES;
				CLANG_WARN_OBJC_IMPLICIT_RETAIN_SELF = YES;
				CLANG_WARN_OBJC_LITERAL_CONVERSION = YES;
				CLANG_WARN_OBJC_ROOT_CLASS = YES_ERROR;
				CLANG_WARN_QUOTED_INCLUDE_IN_FRAMEWORK_HEADER = YES;
				CLANG_WARN_RANGE_LOOP_ANALYSIS = YES;
				CLANG_WARN_STRICT_PROTOTYPES = YES;
				CLANG_WARN_SUSPICIOUS_MOVE = YES;
				CLANG_WARN_UNGUARDED_AVAILABILITY = YES_AGGRESSIVE;
				CLANG_WARN_UNREACHABLE_CODE = YES;
				CLANG_WARN__DUPLICATE_METHOD_MATCH = YES;
				COPY_PHASE_STRIP = NO;
				DEBUG_INFORMATION_FORMAT = dwarf;
				ENABLE_STRICT_OBJC_MSGSEND = YES;
				ENABLE_TESTABILITY = YES;
				GCC_C_LANGUAGE_STANDARD = gnu11;
				GCC_DYNAMIC_NO_PIC = NO;
				GCC_NO_COMMON_BLOCKS = YES;
				GCC_OPTIMIZATION_LEVEL = 0;
				GCC_PREPROCESSOR_DEFINITIONS = (
					"DEBUG=1",
					"$(inherited)",
				);
				GCC_WARN_64_TO_32_BIT_CONVERSION = YES;
				GCC_WARN_ABOUT_RETURN_TYPE = YES_ERROR;
				GCC_WARN_UNDECLARED_SELECTOR = YES;
				GCC_WARN_UNINITIALIZED_AUTOS = YES_AGGRESSIVE;
				GCC_WARN_UNUSED_FUNCTION = YES;
				GCC_WARN_UNUSED_VARIABLE = YES;
				IPHONEOS_DEPLOYMENT_TARGET = 15.0;
				MTL_ENABLE_DEBUG_INFO = INCLUDE_SOURCE;
				MTL_FAST_MATH = YES;
				ONLY_ACTIVE_ARCH = YES;
				SDKROOT = iphoneos;
				SWIFT_ACTIVE_COMPILATION_CONDITIONS = DEBUG;
				SWIFT_OPTIMIZATION_LEVEL = "-Onone";
			};
			name = Debug;
		};
		092CAF0027281F0B0031031F /* Release */ = {
			isa = XCBuildConfiguration;
			buildSettings = {
				ALWAYS_SEARCH_USER_PATHS = NO;
				CLANG_ANALYZER_NONNULL = YES;
				CLANG_ANALYZER_NUMBER_OBJECT_CONVERSION = YES_AGGRESSIVE;
				CLANG_CXX_LANGUAGE_STANDARD = "gnu++17";
				CLANG_CXX_LIBRARY = "libc++";
				CLANG_ENABLE_MODULES = YES;
				CLANG_ENABLE_OBJC_ARC = YES;
				CLANG_ENABLE_OBJC_WEAK = YES;
				CLANG_WARN_BLOCK_CAPTURE_AUTORELEASING = YES;
				CLANG_WARN_BOOL_CONVERSION = YES;
				CLANG_WARN_COMMA = YES;
				CLANG_WARN_CONSTANT_CONVERSION = YES;
				CLANG_WARN_DEPRECATED_OBJC_IMPLEMENTATIONS = YES;
				CLANG_WARN_DIRECT_OBJC_ISA_USAGE = YES_ERROR;
				CLANG_WARN_DOCUMENTATION_COMMENTS = YES;
				CLANG_WARN_EMPTY_BODY = YES;
				CLANG_WARN_ENUM_CONVERSION = YES;
				CLANG_WARN_INFINITE_RECURSION = YES;
				CLANG_WARN_INT_CONVERSION = YES;
				CLANG_WARN_NON_LITERAL_NULL_CONVERSION = YES;
				CLANG_WARN_OBJC_IMPLICIT_RETAIN_SELF = YES;
				CLANG_WARN_OBJC_LITERAL_CONVERSION = YES;
				CLANG_WARN_OBJC_ROOT_CLASS = YES_ERROR;
				CLANG_WARN_QUOTED_INCLUDE_IN_FRAMEWORK_HEADER = YES;
				CLANG_WARN_RANGE_LOOP_ANALYSIS = YES;
				CLANG_WARN_STRICT_PROTOTYPES = YES;
				CLANG_WARN_SUSPICIOUS_MOVE = YES;
				CLANG_WARN_UNGUARDED_AVAILABILITY = YES_AGGRESSIVE;
				CLANG_WARN_UNREACHABLE_CODE = YES;
				CLANG_WARN__DUPLICATE_METHOD_MATCH = YES;
				COPY_PHASE_STRIP = NO;
				DEBUG_INFORMATION_FORMAT = "dwarf-with-dsym";
				ENABLE_NS_ASSERTIONS = NO;
				ENABLE_STRICT_OBJC_MSGSEND = YES;
				GCC_C_LANGUAGE_STANDARD = gnu11;
				GCC_NO_COMMON_BLOCKS = YES;
				GCC_WARN_64_TO_32_BIT_CONVERSION = YES;
				GCC_WARN_ABOUT_RETURN_TYPE = YES_ERROR;
				GCC_WARN_UNDECLARED_SELECTOR = YES;
				GCC_WARN_UNINITIALIZED_AUTOS = YES_AGGRESSIVE;
				GCC_WARN_UNUSED_FUNCTION = YES;
				GCC_WARN_UNUSED_VARIABLE = YES;
				IPHONEOS_DEPLOYMENT_TARGET = 15.0;
				MTL_ENABLE_DEBUG_INFO = NO;
				MTL_FAST_MATH = YES;
				SDKROOT = iphoneos;
				SWIFT_COMPILATION_MODE = wholemodule;
				SWIFT_OPTIMIZATION_LEVEL = "-O";
				VALIDATE_PRODUCT = YES;
			};
			name = Release;
		};
		092CAF0227281F0B0031031F /* Debug */ = {
			isa = XCBuildConfiguration;
			buildSettings = {
				ASSETCATALOG_COMPILER_APPICON_NAME = AppIcon;
				ASSETCATALOG_COMPILER_GLOBAL_ACCENT_COLOR_NAME = AccentColor;
				CODE_SIGN_STYLE = Automatic;
				CURRENT_PROJECT_VERSION = 1;
				DEVELOPMENT_TEAM = J8NG2572RV;
				GENERATE_INFOPLIST_FILE = YES;
				INFOPLIST_FILE = yutaro81Kadai7/Info.plist;
				INFOPLIST_KEY_UIApplicationSupportsIndirectInputEvents = YES;
				INFOPLIST_KEY_UILaunchStoryboardName = LaunchScreen;
				INFOPLIST_KEY_UIMainStoryboardFile = Main;
				INFOPLIST_KEY_UISupportedInterfaceOrientations_iPad = "UIInterfaceOrientationPortrait UIInterfaceOrientationPortraitUpsideDown UIInterfaceOrientationLandscapeLeft UIInterfaceOrientationLandscapeRight";
				INFOPLIST_KEY_UISupportedInterfaceOrientations_iPhone = "UIInterfaceOrientationPortrait UIInterfaceOrientationLandscapeLeft UIInterfaceOrientationLandscapeRight";
				LD_RUNPATH_SEARCH_PATHS = (
					"$(inherited)",
					"@executable_path/Frameworks",
				);
				MARKETING_VERSION = 1.0;
				PRODUCT_BUNDLE_IDENTIFIER = com.yuutarou.yutaro81Kadai7;
				PRODUCT_NAME = "$(TARGET_NAME)";
				SWIFT_EMIT_LOC_STRINGS = YES;
				SWIFT_VERSION = 5.0;
				TARGETED_DEVICE_FAMILY = "1,2";
			};
			name = Debug;
		};
		092CAF0327281F0B0031031F /* Release */ = {
			isa = XCBuildConfiguration;
			buildSettings = {
				ASSETCATALOG_COMPILER_APPICON_NAME = AppIcon;
				ASSETCATALOG_COMPILER_GLOBAL_ACCENT_COLOR_NAME = AccentColor;
				CODE_SIGN_STYLE = Automatic;
				CURRENT_PROJECT_VERSION = 1;
				DEVELOPMENT_TEAM = J8NG2572RV;
				GENERATE_INFOPLIST_FILE = YES;
				INFOPLIST_FILE = yutaro81Kadai7/Info.plist;
				INFOPLIST_KEY_UIApplicationSupportsIndirectInputEvents = YES;
				INFOPLIST_KEY_UILaunchStoryboardName = LaunchScreen;
				INFOPLIST_KEY_UIMainStoryboardFile = Main;
				INFOPLIST_KEY_UISupportedInterfaceOrientations_iPad = "UIInterfaceOrientationPortrait UIInterfaceOrientationPortraitUpsideDown UIInterfaceOrientationLandscapeLeft UIInterfaceOrientationLandscapeRight";
				INFOPLIST_KEY_UISupportedInterfaceOrientations_iPhone = "UIInterfaceOrientationPortrait UIInterfaceOrientationLandscapeLeft UIInterfaceOrientationLandscapeRight";
				LD_RUNPATH_SEARCH_PATHS = (
					"$(inherited)",
					"@executable_path/Frameworks",
				);
				MARKETING_VERSION = 1.0;
				PRODUCT_BUNDLE_IDENTIFIER = com.yuutarou.yutaro81Kadai7;
				PRODUCT_NAME = "$(TARGET_NAME)";
				SWIFT_EMIT_LOC_STRINGS = YES;
				SWIFT_VERSION = 5.0;
				TARGETED_DEVICE_FAMILY = "1,2";
			};
			name = Release;
		};
/* End XCBuildConfiguration section */

/* Begin XCConfigurationList section */
		092CAEE827281F090031031F /* Build configuration list for PBXProject "yutaro81Kadai7" */ = {
			isa = XCConfigurationList;
			buildConfigurations = (
				092CAEFF27281F0B0031031F /* Debug */,
				092CAF0027281F0B0031031F /* Release */,
			);
			defaultConfigurationIsVisible = 0;
			defaultConfigurationName = Release;
		};
		092CAF0127281F0B0031031F /* Build configuration list for PBXNativeTarget "yutaro81Kadai7" */ = {
			isa = XCConfigurationList;
			buildConfigurations = (
				092CAF0227281F0B0031031F /* Debug */,
				092CAF0327281F0B0031031F /* Release */,
			);
			defaultConfigurationIsVisible = 0;
			defaultConfigurationName = Release;
		};
/* End XCConfigurationList section */
	};
	rootObject = 092CAEE527281F090031031F /* Project object */;
}
